Microsoft Visual Studio Solution File, Format Version 12.00
# Visual Studio 15
VisualStudioVersion = 15.0.26430.14
MinimumVisualStudioVersion = 10.0.40219.1
Project("{FAE04EC0-301F-11D3-BF4B-00C04F79EFBC}") = "Petstore.Standard", "Petstore.Standard/Petstore.Standard.csproj", "{e9aa6f49-5061-4d6f-91ed-80eae1b20638}"
EndProject
Project("{FAE04EC0-301F-11D3-BF4B-00C04F79EFBC}") = "Petstore.Tests", "Petstore.Tests/Petstore.Tests.csproj", "{c110275b-2b90-4574-9448-52b48a564ed5}"
EndProject
Global
    GlobalSection(SolutionConfigurationPlatforms) = preSolution
        Debug|Any CPU = Debug|Any CPU
        Release|Any CPU = Release|Any CPU
    EndGlobalSection
    GlobalSection(ProjectConfigurationPlatforms) = postSolution
        {e9aa6f49-5061-4d6f-91ed-80eae1b20638}.Debug|Any CPU.ActiveCfg = Debug|Any CPU
        {e9aa6f49-5061-4d6f-91ed-80eae1b20638}.Debug|Any CPU.Build.0 = Debug|Any CPU
        {e9aa6f49-5061-4d6f-91ed-80eae1b20638}.Release|Any CPU.ActiveCfg = Release|Any CPU
        {e9aa6f49-5061-4d6f-91ed-80eae1b20638}.Release|Any CPU.Build.0 = Release|Any CPU
        {c110275b-2b90-4574-9448-52b48a564ed5}.Debug|Any CPU.ActiveCfg = Debug|Any CPU
        {c110275b-2b90-4574-9448-52b48a564ed5}.Debug|Any CPU.Build.0 = Debug|Any CPU
        {c110275b-2b90-4574-9448-52b48a564ed5}.Release|Any CPU.ActiveCfg = Release|Any CPU
        {c110275b-2b90-4574-9448-52b48a564ed5}.Release|Any CPU.Build.0 = Release|Any CPU
    EndGlobalSection
    GlobalSection(SolutionProperties) = preSolution
        HideSolutionNode = FALSE
    EndGlobalSection
EndGlobal
